
Microsoft Visual Studio Solution File, Format Version 12.00
# Visual Studio Version 17
VisualStudioVersion = 17.2.32526.322
MinimumVisualStudioVersion = 10.0.40219.1
Project("{FAE04EC0-301F-11D3-BF4B-00C04F79EFBC}") = "PocDatalustSeq", "PocDatalustSeq\PocDatalustSeq.csproj", "{73250A2A-F74B-4F9B-B5D8-1E2A7846F136}"
EndProject
Global
	GlobalSection(SolutionConfigurationPlatforms) = preSolution
		Debug|Any CPU = Debug|Any CPU
		Release|Any CPU = Release|Any CPU
	EndGlobalSection
	GlobalSection(ProjectConfigurationPlatforms) = postSolution
		{73250A2A-F74B-4F9B-B5D8-1E2A7846F136}.Debug|Any CPU.ActiveCfg = Debug|Any CPU
		{73250A2A-F74B-4F9B-B5D8-1E2A7846F136}.Debug|Any CPU.Build.0 = Debug|Any CPU
		{73250A2A-F74B-4F9B-B5D8-1E2A7846F136}.Release|Any CPU.ActiveCfg = Release|Any CPU
		{73250A2A-F74B-4F9B-B5D8-1E2A7846F136}.Release|Any CPU.Build.0 = Release|Any CPU
	EndGlobalSection
	GlobalSection(SolutionProperties) = preSolution
		HideSolutionNode = FALSE
	EndGlobalSection
	GlobalSection(ExtensibilityGlobals) = postSolution
		SolutionGuid = {B6A2D28D-C4EA-44A9-A8AF-B4F91227A280}
	EndGlobalSection
EndGlobal
